Microsoft Visual Studio Solution File, Format Version 12.00
# Visual Studio 15
VisualStudioVersion = 15.0.26124.0
MinimumVisualStudioVersion = 15.0.26124.0
Project("{9A19103F-16F7-4668-BE54-9A1E7A4F7556}") = "PWADotNetCore", "PWADotNetCore\PWADotNetCore.csproj", "{009A0DB1-2627-48D4-B61A-9BF6396A4186}"
EndProject
Global
	GlobalSection(SolutionConfigurationPlatforms) = preSolution
		Debug|Any CPU = Debug|Any CPU
		Debug|x64 = Debug|x64
		Debug|x86 = Debug|x86
		Release|Any CPU = Release|Any CPU
		Release|x64 = Release|x64
		Release|x86 = Release|x86
	EndGlobalSection
	GlobalSection(ProjectConfigurationPlatforms) = postSolution
		{009A0DB1-2627-48D4-B61A-9BF6396A4186}.Debug|Any CPU.ActiveCfg = Debug|Any CPU
		{009A0DB1-2627-48D4-B61A-9BF6396A4186}.Debug|Any CPU.Build.0 = Debug|Any CPU
		{009A0DB1-2627-48D4-B61A-9BF6396A4186}.Debug|x64.ActiveCfg = Debug|Any CPU
		{009A0DB1-2627-48D4-B61A-9BF6396A4186}.Debug|x64.Build.0 = Debug|Any CPU
		{009A0DB1-2627-48D4-B61A-9BF6396A4186}.Debug|x86.ActiveCfg = Debug|Any CPU
		{009A0DB1-2627-48D4-B61A-9BF6396A4186}.Debug|x86.Build.0 = Debug|Any CPU
		{009A0DB1-2627-48D4-B61A-9BF6396A4186}.Release|Any CPU.ActiveCfg = Release|Any CPU
		{009A0DB1-2627-48D4-B61A-9BF6396A4186}.Release|Any CPU.Build.0 = Release|Any CPU
		{009A0DB1-2627-48D4-B61A-9BF6396A4186}.Release|x64.ActiveCfg = Release|Any CPU
		{009A0DB1-2627-48D4-B61A-9BF6396A4186}.Release|x64.Build.0 = Release|Any CPU
		{009A0DB1-2627-48D4-B61A-9BF6396A4186}.Release|x86.ActiveCfg = Release|Any CPU
		{009A0DB1-2627-48D4-B61A-9BF6396A4186}.Release|x86.Build.0 = Release|Any CPU
	EndGlobalSection
	GlobalSection(SolutionProperties) = preSolution
		HideSolutionNode = FALSE
	EndGlobalSection
	GlobalSection(ExtensibilityGlobals) = postSolution
		SolutionGuid = {1F983B59-422E-4208-9FDD-FC53E4AF0CD6}
	EndGlobalSection
EndGlobal
