
Microsoft Visual Studio Solution File, Format Version 12.00
# Visual Studio 15
VisualStudioVersion = 15.0.27428.2027
MinimumVisualStudioVersion = 10.0.40219.1
Project("{9A19103F-16F7-4668-BE54-9A1E7A4F7556}") = "MyNgApp", "MyNgApp.csproj", "{034A8434-BE95-4628-863B-918221AF95E1}"
EndProject
Project("{262852C6-CD72-467D-83FE-5EEB1973A190}") = "MyNgHWA", "..\MyNgHWA\MyNgHWA.jsproj", "{4A59F8A0-E779-49E3-931B-9CE706EDDAE9}"
EndProject
Global
	GlobalSection(SolutionConfigurationPlatforms) = preSolution
		Debug|Any CPU = Debug|Any CPU
		Debug|ARM = Debug|ARM
		Debug|x64 = Debug|x64
		Debug|x86 = Debug|x86
		Release|Any CPU = Release|Any CPU
		Release|ARM = Release|ARM
		Release|x64 = Release|x64
		Release|x86 = Release|x86
	EndGlobalSection
	GlobalSection(ProjectConfigurationPlatforms) = postSolution
		{034A8434-BE95-4628-863B-918221AF95E1}.Debug|Any CPU.ActiveCfg = Debug|Any CPU
		{034A8434-BE95-4628-863B-918221AF95E1}.Debug|Any CPU.Build.0 = Debug|Any CPU
		{034A8434-BE95-4628-863B-918221AF95E1}.Debug|ARM.ActiveCfg = Debug|Any CPU
		{034A8434-BE95-4628-863B-918221AF95E1}.Debug|ARM.Build.0 = Debug|Any CPU
		{034A8434-BE95-4628-863B-918221AF95E1}.Debug|x64.ActiveCfg = Debug|Any CPU
		{034A8434-BE95-4628-863B-918221AF95E1}.Debug|x64.Build.0 = Debug|Any CPU
		{034A8434-BE95-4628-863B-918221AF95E1}.Debug|x86.ActiveCfg = Debug|Any CPU
		{034A8434-BE95-4628-863B-918221AF95E1}.Debug|x86.Build.0 = Debug|Any CPU
		{034A8434-BE95-4628-863B-918221AF95E1}.Release|Any CPU.ActiveCfg = Release|Any CPU
		{034A8434-BE95-4628-863B-918221AF95E1}.Release|Any CPU.Build.0 = Release|Any CPU
		{034A8434-BE95-4628-863B-918221AF95E1}.Release|ARM.ActiveCfg = Release|Any CPU
		{034A8434-BE95-4628-863B-918221AF95E1}.Release|ARM.Build.0 = Release|Any CPU
		{034A8434-BE95-4628-863B-918221AF95E1}.Release|x64.ActiveCfg = Release|Any CPU
		{034A8434-BE95-4628-863B-918221AF95E1}.Release|x64.Build.0 = Release|Any CPU
		{034A8434-BE95-4628-863B-918221AF95E1}.Release|x86.ActiveCfg = Release|Any CPU
		{034A8434-BE95-4628-863B-918221AF95E1}.Release|x86.Build.0 = Release|Any CPU
		{4A59F8A0-E779-49E3-931B-9CE706EDDAE9}.Debug|Any CPU.ActiveCfg = Debug|Any CPU
		{4A59F8A0-E779-49E3-931B-9CE706EDDAE9}.Debug|Any CPU.Build.0 = Debug|Any CPU
		{4A59F8A0-E779-49E3-931B-9CE706EDDAE9}.Debug|Any CPU.Deploy.0 = Debug|Any CPU
		{4A59F8A0-E779-49E3-931B-9CE706EDDAE9}.Debug|ARM.ActiveCfg = Debug|ARM
		{4A59F8A0-E779-49E3-931B-9CE706EDDAE9}.Debug|ARM.Build.0 = Debug|ARM
		{4A59F8A0-E779-49E3-931B-9CE706EDDAE9}.Debug|ARM.Deploy.0 = Debug|ARM
		{4A59F8A0-E779-49E3-931B-9CE706EDDAE9}.Debug|x64.ActiveCfg = Debug|x64
		{4A59F8A0-E779-49E3-931B-9CE706EDDAE9}.Debug|x64.Build.0 = Debug|x64
		{4A59F8A0-E779-49E3-931B-9CE706EDDAE9}.Debug|x64.Deploy.0 = Debug|x64
		{4A59F8A0-E779-49E3-931B-9CE706EDDAE9}.Debug|x86.ActiveCfg = Debug|x86
		{4A59F8A0-E779-49E3-931B-9CE706EDDAE9}.Debug|x86.Build.0 = Debug|x86
		{4A59F8A0-E779-49E3-931B-9CE706EDDAE9}.Debug|x86.Deploy.0 = Debug|x86
		{4A59F8A0-E779-49E3-931B-9CE706EDDAE9}.Release|Any CPU.ActiveCfg = Release|Any CPU
		{4A59F8A0-E779-49E3-931B-9CE706EDDAE9}.Release|Any CPU.Build.0 = Release|Any CPU
		{4A59F8A0-E779-49E3-931B-9CE706EDDAE9}.Release|Any CPU.Deploy.0 = Release|Any CPU
		{4A59F8A0-E779-49E3-931B-9CE706EDDAE9}.Release|ARM.ActiveCfg = Release|ARM
		{4A59F8A0-E779-49E3-931B-9CE706EDDAE9}.Release|ARM.Build.0 = Release|ARM
		{4A59F8A0-E779-49E3-931B-9CE706EDDAE9}.Release|ARM.Deploy.0 = Release|ARM
		{4A59F8A0-E779-49E3-931B-9CE706EDDAE9}.Release|x64.ActiveCfg = Release|x64
		{4A59F8A0-E779-49E3-931B-9CE706EDDAE9}.Release|x64.Build.0 = Release|x64
		{4A59F8A0-E779-49E3-931B-9CE706EDDAE9}.Release|x64.Deploy.0 = Release|x64
		{4A59F8A0-E779-49E3-931B-9CE706EDDAE9}.Release|x86.ActiveCfg = Release|x86
		{4A59F8A0-E779-49E3-931B-9CE706EDDAE9}.Release|x86.Build.0 = Release|x86
		{4A59F8A0-E779-49E3-931B-9CE706EDDAE9}.Release|x86.Deploy.0 = Release|x86
	EndGlobalSection
	GlobalSection(SolutionProperties) = preSolution
		HideSolutionNode = FALSE
	EndGlobalSection
	GlobalSection(ExtensibilityGlobals) = postSolution
		SolutionGuid = {36ED3189-EF3D-4875-8E36-E088DA1C0C77}
	EndGlobalSection
EndGlobal
