
Microsoft Visual Studio Solution File, Format Version 12.00
# Visual Studio 15
VisualStudioVersion = 15.0.28010.2048
MinimumVisualStudioVersion = 10.0.40219.1
Project("{FAE04EC0-301F-11D3-BF4B-00C04F79EFBC}") = "AlexaSkill", "AlexaSkill\AlexaSkill.csproj", "{D8B5392F-83F5-4060-B339-DC49238925BA}"
EndProject
Global
	GlobalSection(SolutionConfigurationPlatforms) = preSolution
		Debug|Any CPU = Debug|Any CPU
		Release|Any CPU = Release|Any CPU
	EndGlobalSection
	GlobalSection(ProjectConfigurationPlatforms) = postSolution
		{D8B5392F-83F5-4060-B339-DC49238925BA}.Debug|Any CPU.ActiveCfg = Debug|Any CPU
		{D8B5392F-83F5-4060-B339-DC49238925BA}.Debug|Any CPU.Build.0 = Debug|Any CPU
		{D8B5392F-83F5-4060-B339-DC49238925BA}.Release|Any CPU.ActiveCfg = Release|Any CPU
		{D8B5392F-83F5-4060-B339-DC49238925BA}.Release|Any CPU.Build.0 = Release|Any CPU
	EndGlobalSection
	GlobalSection(SolutionProperties) = preSolution
		HideSolutionNode = FALSE
	EndGlobalSection
	GlobalSection(ExtensibilityGlobals) = postSolution
		SolutionGuid = {07611D20-F842-46C1-B670-CECC00A8A50C}
	EndGlobalSection
EndGlobal
